lockfileVersion: '6.0'

settings:
  autoInstallPeers: true
  excludeLinksFromLockfile: false

dependencies:
  playwright:
    specifier: ^1.41.2
    version: 1.41.2

devDependencies:
  '@qiphon/prettier-config':
    specifier: ^1.0.1
    version: 1.0.1
  prettier:
    specifier: ^3.2.5
    version: 3.2.5

packages:

  /@qiphon/prettier-config@1.0.1:
    resolution: {integrity: sha512-2MKacdRKBWxaFSFwfNmQ4tpKyVySx3hnUPkaRMHKOWEwaDfYVsO8BqCkTmAEgtGyXtR7xjCac6zsTFT80R1Qnw==}
    dev: true

  /fsevents@2.3.2:
    resolution: {integrity: sha512-xiqMQR4xAeHTuB9uWm+fFRcIOgKBMiOBP+eXiyT7jsgVCq1bkVygt00oASowB7EdtpOHaaPgKt812P9ab+DDKA==}
    engines: {node: ^8.16.0 || ^10.6.0 || >=11.0.0}
    os: [darwin]
    requiresBuild: true
    dev: false
    optional: true

  /playwright-core@1.41.2:
    resolution: {integrity: sha512-VaTvwCA4Y8kxEe+kfm2+uUUw5Lubf38RxF7FpBxLPmGe5sdNkSg5e3ChEigaGrX7qdqT3pt2m/98LiyvU2x6CA==}
    engines: {node: '>=16'}
    hasBin: true
    dev: false

  /playwright@1.41.2:
    resolution: {integrity: sha512-v0bOa6H2GJChDL8pAeLa/LZC4feoAMbSQm1/jF/ySsWWoaNItvrMP7GEkvEEFyCTUYKMxjQKaTSg5up7nR6/8A==}
    engines: {node: '>=16'}
    hasBin: true
    dependencies:
      playwright-core: 1.41.2
    optionalDependencies:
      fsevents: 2.3.2
    dev: false

  /prettier@3.2.5:
    resolution: {integrity: sha512-3/GWa9aOC0YeD7LUfvOG2NiDyhOWRvt1k+rcKhOuYnMY24iiCphgneUfJDyFXd6rZCAnuLBv6UeAULtrhT/F4A==}
    engines: {node: '>=14'}
    hasBin: true
    dev: true
